
Microsoft Visual Studio Solution File, Format Version 12.00
# Visual Studio Version 17
VisualStudioVersion = 17.5.33516.290
MinimumVisualStudioVersion = 10.0.40219.1
Project("{FAE04EC0-301F-11D3-BF4B-00C04F79EFBC}") = "Task", "Task\Task.csproj", "{BD30DEF3-045C-4F3A-978A-016785B91B0B}"
EndProject
Global
	GlobalSection(SolutionConfigurationPlatforms) = preSolution
		Debug|Any CPU = Debug|Any CPU
		Release|Any CPU = Release|Any CPU
	EndGlobalSection
	GlobalSection(ProjectConfigurationPlatforms) = postSolution
		{BD30DEF3-045C-4F3A-978A-016785B91B0B}.Debug|Any CPU.ActiveCfg = Debug|Any CPU
		{BD30DEF3-045C-4F3A-978A-016785B91B0B}.Debug|Any CPU.Build.0 = Debug|Any CPU
		{BD30DEF3-045C-4F3A-978A-016785B91B0B}.Release|Any CPU.ActiveCfg = Release|Any CPU
		{BD30DEF3-045C-4F3A-978A-016785B91B0B}.Release|Any CPU.Build.0 = Release|Any CPU
	EndGlobalSection
	GlobalSection(SolutionProperties) = preSolution
		HideSolutionNode = FALSE
	EndGlobalSection
	GlobalSection(ExtensibilityGlobals) = postSolution
		SolutionGuid = {80678007-1FAD-4DE3-AA96-D881007F4546}
	EndGlobalSection
EndGlobal
